
Microsoft Visual Studio Solution File, Format Version 12.00
# Visual Studio 15
VisualStudioVersion = 15.0.27130.2026
MinimumVisualStudioVersion = 10.0.40219.1
Project("{FAE04EC0-301F-11D3-BF4B-00C04F79EFBC}") = "Rednit_Lite", "Rednit_Lite\Rednit_Lite.csproj", "{01C7B182-22AF-4C00-B2DB-915C1837E3DF}"
EndProject
Project("{FAE04EC0-301F-11D3-BF4B-00C04F79EFBC}") = "Rednit_Server", "Rednit_Server\Rednit_Server.csproj", "{D467AAAB-2354-4B37-B676-AF2438B38469}"
EndProject
Global
	GlobalSection(SolutionConfigurationPlatforms) = preSolution
		Debug|Any CPU = Debug|Any CPU
		Release|Any CPU = Release|Any CPU
	EndGlobalSection
	GlobalSection(ProjectConfigurationPlatforms) = postSolution
		{01C7B182-22AF-4C00-B2DB-915C1837E3DF}.Debug|Any CPU.ActiveCfg = Debug|Any CPU
		{01C7B182-22AF-4C00-B2DB-915C1837E3DF}.Debug|Any CPU.Build.0 = Debug|Any CPU
		{01C7B182-22AF-4C00-B2DB-915C1837E3DF}.Release|Any CPU.ActiveCfg = Release|Any CPU
		{01C7B182-22AF-4C00-B2DB-915C1837E3DF}.Release|Any CPU.Build.0 = Release|Any CPU
		{D467AAAB-2354-4B37-B676-AF2438B38469}.Debug|Any CPU.ActiveCfg = Debug|Any CPU
		{D467AAAB-2354-4B37-B676-AF2438B38469}.Debug|Any CPU.Build.0 = Debug|Any CPU
		{D467AAAB-2354-4B37-B676-AF2438B38469}.Release|Any CPU.ActiveCfg = Release|Any CPU
		{D467AAAB-2354-4B37-B676-AF2438B38469}.Release|Any CPU.Build.0 = Release|Any CPU
	EndGlobalSection
	GlobalSection(SolutionProperties) = preSolution
		HideSolutionNode = FALSE
	EndGlobalSection
	GlobalSection(ExtensibilityGlobals) = postSolution
		SolutionGuid = {F3EA15C1-F5CA-4D9B-B4C0-2A65E26A3F57}
	EndGlobalSection
EndGlobal
